
Microsoft Visual Studio Solution File, Format Version 12.00
# Visual Studio Version 17
VisualStudioVersion = 17.5.33530.505
MinimumVisualStudioVersion = 10.0.40219.1
Project("{8BC9CEB8-8B4A-11D0-8D11-00A0C91BC942}") = "game_SanZiQi", "game_SanZiQi.vcxproj", "{D049C86F-61A4-4FF8-93DB-26A4F358EEC9}"
EndProject
Global
	GlobalSection(SolutionConfigurationPlatforms) = preSolution
		Debug|x64 = Debug|x64
		Debug|x86 = Debug|x86
		Release|x64 = Release|x64
		Release|x86 = Release|x86
	EndGlobalSection
	GlobalSection(ProjectConfigurationPlatforms) = postSolution
		{D049C86F-61A4-4FF8-93DB-26A4F358EEC9}.Debug|x64.ActiveCfg = Debug|x64
		{D049C86F-61A4-4FF8-93DB-26A4F358EEC9}.Debug|x64.Build.0 = Debug|x64
		{D049C86F-61A4-4FF8-93DB-26A4F358EEC9}.Debug|x86.ActiveCfg = Debug|Win32
		{D049C86F-61A4-4FF8-93DB-26A4F358EEC9}.Debug|x86.Build.0 = Debug|Win32
		{D049C86F-61A4-4FF8-93DB-26A4F358EEC9}.Release|x64.ActiveCfg = Release|x64
		{D049C86F-61A4-4FF8-93DB-26A4F358EEC9}.Release|x64.Build.0 = Release|x64
		{D049C86F-61A4-4FF8-93DB-26A4F358EEC9}.Release|x86.ActiveCfg = Release|Win32
		{D049C86F-61A4-4FF8-93DB-26A4F358EEC9}.Release|x86.Build.0 = Release|Win32
	EndGlobalSection
	GlobalSection(SolutionProperties) = preSolution
		HideSolutionNode = FALSE
	EndGlobalSection
	GlobalSection(ExtensibilityGlobals) = postSolution
		SolutionGuid = {B5F693D4-8700-4614-8675-7678DF9D3BA3}
	EndGlobalSection
EndGlobal
